
Microsoft Visual Studio Solution File, Format Version 12.00
# Visual Studio Version 16
VisualStudioVersion = 16.0.31005.135
MinimumVisualStudioVersion = 15.0.26124.0
Project("{FAE04EC0-301F-11D3-BF4B-00C04F79EFBC}") = "Benchmarks", "Benchmarks\Benchmarks.csproj", "{1FE89C7D-D3CA-4818-8777-F716FA6D97AE}"
EndProject
Global
	GlobalSection(SolutionConfigurationPlatforms) = preSolution
		Debug|Any CPU = Debug|Any CPU
		Debug|x64 = Debug|x64
		Debug|x86 = Debug|x86
		Release|Any CPU = Release|Any CPU
		Release|x64 = Release|x64
		Release|x86 = Release|x86
	EndGlobalSection
	GlobalSection(ProjectConfigurationPlatforms) = postSolution
		{1FE89C7D-D3CA-4818-8777-F716FA6D97AE}.Debug|Any CPU.ActiveCfg = Debug|Any CPU
		{1FE89C7D-D3CA-4818-8777-F716FA6D97AE}.Debug|Any CPU.Build.0 = Debug|Any CPU
		{1FE89C7D-D3CA-4818-8777-F716FA6D97AE}.Debug|x64.ActiveCfg = Debug|Any CPU
		{1FE89C7D-D3CA-4818-8777-F716FA6D97AE}.Debug|x64.Build.0 = Debug|Any CPU
		{1FE89C7D-D3CA-4818-8777-F716FA6D97AE}.Debug|x86.ActiveCfg = Debug|Any CPU
		{1FE89C7D-D3CA-4818-8777-F716FA6D97AE}.Debug|x86.Build.0 = Debug|Any CPU
		{1FE89C7D-D3CA-4818-8777-F716FA6D97AE}.Release|Any CPU.ActiveCfg = Release|Any CPU
		{1FE89C7D-D3CA-4818-8777-F716FA6D97AE}.Release|Any CPU.Build.0 = Release|Any CPU
		{1FE89C7D-D3CA-4818-8777-F716FA6D97AE}.Release|x64.ActiveCfg = Release|Any CPU
		{1FE89C7D-D3CA-4818-8777-F716FA6D97AE}.Release|x64.Build.0 = Release|Any CPU
		{1FE89C7D-D3CA-4818-8777-F716FA6D97AE}.Release|x86.ActiveCfg = Release|Any CPU
		{1FE89C7D-D3CA-4818-8777-F716FA6D97AE}.Release|x86.Build.0 = Release|Any CPU
	EndGlobalSection
	GlobalSection(SolutionProperties) = preSolution
		HideSolutionNode = FALSE
	EndGlobalSection
	GlobalSection(ExtensibilityGlobals) = postSolution
		SolutionGuid = {F11EEC21-95AD-454F-8408-C6D74AF4E17E}
	EndGlobalSection
EndGlobal
