
Microsoft Visual Studio Solution File, Format Version 12.00
# Visual Studio Version 16
VisualStudioVersion = 16.0.31005.135
MinimumVisualStudioVersion = 15.0.26124.0
Project("{9A19103F-16F7-4668-BE54-9A1E7A4F7556}") = "Benchmarks", "Benchmarks\Benchmarks.csproj", "{1FE89C7D-D3CA-4818-8777-F716FA6D97AE}"
EndProject
Project("{2150E333-8FDC-42A3-9474-1A3956D46DE8}") = "3 Sync vs Async in Web Apps", "3 Sync vs Async in Web Apps", "{CF798F3D-B187-4622-AECB-DFC760E662D0}"
EndProject
Project("{9A19103F-16F7-4668-BE54-9A1E7A4F7556}") = "SyncVsAsync.WpfClient", "SyncVsAsync.WpfClient\SyncVsAsync.WpfClient.csproj", "{B6B02DB5-F64B-4822-AC3B-E83E794232A4}"
EndProject
Project("{9A19103F-16F7-4668-BE54-9A1E7A4F7556}") = "SyncVsAsync.AspNetCoreService", "SyncVsAsync.AspNetCoreService\SyncVsAsync.AspNetCoreService.csproj", "{EB2E7A8F-7FE8-429F-AF2D-B114CD19E6A9}"
EndProject
Project("{2150E333-8FDC-42A3-9474-1A3956D46DE8}") = "2 Simple Example for Thread Stacks and Managed Heap", "2 Simple Example for Thread Stacks and Managed Heap", "{85C12DE3-6855-435D-B7C5-5DFBC1814D86}"
EndProject
Project("{FAE04EC0-301F-11D3-BF4B-00C04F79EFBC}") = "SimpleExample", "SimpleExample\SimpleExample.csproj", "{4A2EF626-5360-440C-8C39-F24AAC6C10C4}"
EndProject
Project("{2150E333-8FDC-42A3-9474-1A3956D46DE8}") = "4 Async Await Decompiled", "4 Async Await Decompiled", "{8870C358-022E-43D9-8367-4A8EA6B549F7}"
EndProject
Project("{2150E333-8FDC-42A3-9474-1A3956D46DE8}") = "1 Benchmarks", "1 Benchmarks", "{25A1BCE2-80AD-450D-960D-B306D8607E74}"
EndProject
Project("{FAE04EC0-301F-11D3-BF4B-00C04F79EFBC}") = "AsyncAwaitDecompiled.WpfClient", "AsyncAwaitDecompiled.WpfClient\AsyncAwaitDecompiled.WpfClient.csproj", "{8B5BBE51-51B7-4FF4-A72B-075F7B9486F8}"
EndProject
Global
	GlobalSection(SolutionConfigurationPlatforms) = preSolution
		Debug|Any CPU = Debug|Any CPU
		Debug|x64 = Debug|x64
		Debug|x86 = Debug|x86
		Release|Any CPU = Release|Any CPU
		Release|x64 = Release|x64
		Release|x86 = Release|x86
	EndGlobalSection
	GlobalSection(ProjectConfigurationPlatforms) = postSolution
		{1FE89C7D-D3CA-4818-8777-F716FA6D97AE}.Debug|Any CPU.ActiveCfg = Debug|Any CPU
		{1FE89C7D-D3CA-4818-8777-F716FA6D97AE}.Debug|Any CPU.Build.0 = Debug|Any CPU
		{1FE89C7D-D3CA-4818-8777-F716FA6D97AE}.Debug|x64.ActiveCfg = Debug|Any CPU
		{1FE89C7D-D3CA-4818-8777-F716FA6D97AE}.Debug|x64.Build.0 = Debug|Any CPU
		{1FE89C7D-D3CA-4818-8777-F716FA6D97AE}.Debug|x86.ActiveCfg = Debug|Any CPU
		{1FE89C7D-D3CA-4818-8777-F716FA6D97AE}.Debug|x86.Build.0 = Debug|Any CPU
		{1FE89C7D-D3CA-4818-8777-F716FA6D97AE}.Release|Any CPU.ActiveCfg = Release|Any CPU
		{1FE89C7D-D3CA-4818-8777-F716FA6D97AE}.Release|Any CPU.Build.0 = Release|Any CPU
		{1FE89C7D-D3CA-4818-8777-F716FA6D97AE}.Release|x64.ActiveCfg = Release|Any CPU
		{1FE89C7D-D3CA-4818-8777-F716FA6D97AE}.Release|x64.Build.0 = Release|Any CPU
		{1FE89C7D-D3CA-4818-8777-F716FA6D97AE}.Release|x86.ActiveCfg = Release|Any CPU
		{1FE89C7D-D3CA-4818-8777-F716FA6D97AE}.Release|x86.Build.0 = Release|Any CPU
		{B6B02DB5-F64B-4822-AC3B-E83E794232A4}.Debug|Any CPU.ActiveCfg = Debug|Any CPU
		{B6B02DB5-F64B-4822-AC3B-E83E794232A4}.Debug|Any CPU.Build.0 = Debug|Any CPU
		{B6B02DB5-F64B-4822-AC3B-E83E794232A4}.Debug|x64.ActiveCfg = Debug|Any CPU
		{B6B02DB5-F64B-4822-AC3B-E83E794232A4}.Debug|x64.Build.0 = Debug|Any CPU
		{B6B02DB5-F64B-4822-AC3B-E83E794232A4}.Debug|x86.ActiveCfg = Debug|Any CPU
		{B6B02DB5-F64B-4822-AC3B-E83E794232A4}.Debug|x86.Build.0 = Debug|Any CPU
		{B6B02DB5-F64B-4822-AC3B-E83E794232A4}.Release|Any CPU.ActiveCfg = Release|Any CPU
		{B6B02DB5-F64B-4822-AC3B-E83E794232A4}.Release|Any CPU.Build.0 = Release|Any CPU
		{B6B02DB5-F64B-4822-AC3B-E83E794232A4}.Release|x64.ActiveCfg = Release|Any CPU
		{B6B02DB5-F64B-4822-AC3B-E83E794232A4}.Release|x64.Build.0 = Release|Any CPU
		{B6B02DB5-F64B-4822-AC3B-E83E794232A4}.Release|x86.ActiveCfg = Release|Any CPU
		{B6B02DB5-F64B-4822-AC3B-E83E794232A4}.Release|x86.Build.0 = Release|Any CPU
		{EB2E7A8F-7FE8-429F-AF2D-B114CD19E6A9}.Debug|Any CPU.ActiveCfg = Debug|Any CPU
		{EB2E7A8F-7FE8-429F-AF2D-B114CD19E6A9}.Debug|Any CPU.Build.0 = Debug|Any CPU
		{EB2E7A8F-7FE8-429F-AF2D-B114CD19E6A9}.Debug|x64.ActiveCfg = Debug|Any CPU
		{EB2E7A8F-7FE8-429F-AF2D-B114CD19E6A9}.Debug|x64.Build.0 = Debug|Any CPU
		{EB2E7A8F-7FE8-429F-AF2D-B114CD19E6A9}.Debug|x86.ActiveCfg = Debug|Any CPU
		{EB2E7A8F-7FE8-429F-AF2D-B114CD19E6A9}.Debug|x86.Build.0 = Debug|Any CPU
		{EB2E7A8F-7FE8-429F-AF2D-B114CD19E6A9}.Release|Any CPU.ActiveCfg = Release|Any CPU
		{EB2E7A8F-7FE8-429F-AF2D-B114CD19E6A9}.Release|Any CPU.Build.0 = Release|Any CPU
		{EB2E7A8F-7FE8-429F-AF2D-B114CD19E6A9}.Release|x64.ActiveCfg = Release|Any CPU
		{EB2E7A8F-7FE8-429F-AF2D-B114CD19E6A9}.Release|x64.Build.0 = Release|Any CPU
		{EB2E7A8F-7FE8-429F-AF2D-B114CD19E6A9}.Release|x86.ActiveCfg = Release|Any CPU
		{EB2E7A8F-7FE8-429F-AF2D-B114CD19E6A9}.Release|x86.Build.0 = Release|Any CPU
		{4A2EF626-5360-440C-8C39-F24AAC6C10C4}.Debug|Any CPU.ActiveCfg = Debug|Any CPU
		{4A2EF626-5360-440C-8C39-F24AAC6C10C4}.Debug|Any CPU.Build.0 = Debug|Any CPU
		{4A2EF626-5360-440C-8C39-F24AAC6C10C4}.Debug|x64.ActiveCfg = Debug|Any CPU
		{4A2EF626-5360-440C-8C39-F24AAC6C10C4}.Debug|x64.Build.0 = Debug|Any CPU
		{4A2EF626-5360-440C-8C39-F24AAC6C10C4}.Debug|x86.ActiveCfg = Debug|Any CPU
		{4A2EF626-5360-440C-8C39-F24AAC6C10C4}.Debug|x86.Build.0 = Debug|Any CPU
		{4A2EF626-5360-440C-8C39-F24AAC6C10C4}.Release|Any CPU.ActiveCfg = Release|Any CPU
		{4A2EF626-5360-440C-8C39-F24AAC6C10C4}.Release|Any CPU.Build.0 = Release|Any CPU
		{4A2EF626-5360-440C-8C39-F24AAC6C10C4}.Release|x64.ActiveCfg = Release|Any CPU
		{4A2EF626-5360-440C-8C39-F24AAC6C10C4}.Release|x64.Build.0 = Release|Any CPU
		{4A2EF626-5360-440C-8C39-F24AAC6C10C4}.Release|x86.ActiveCfg = Release|Any CPU
		{4A2EF626-5360-440C-8C39-F24AAC6C10C4}.Release|x86.Build.0 = Release|Any CPU
		{8B5BBE51-51B7-4FF4-A72B-075F7B9486F8}.Debug|Any CPU.ActiveCfg = Debug|Any CPU
		{8B5BBE51-51B7-4FF4-A72B-075F7B9486F8}.Debug|Any CPU.Build.0 = Debug|Any CPU
		{8B5BBE51-51B7-4FF4-A72B-075F7B9486F8}.Debug|x64.ActiveCfg = Debug|Any CPU
		{8B5BBE51-51B7-4FF4-A72B-075F7B9486F8}.Debug|x64.Build.0 = Debug|Any CPU
		{8B5BBE51-51B7-4FF4-A72B-075F7B9486F8}.Debug|x86.ActiveCfg = Debug|Any CPU
		{8B5BBE51-51B7-4FF4-A72B-075F7B9486F8}.Debug|x86.Build.0 = Debug|Any CPU
		{8B5BBE51-51B7-4FF4-A72B-075F7B9486F8}.Release|Any CPU.ActiveCfg = Release|Any CPU
		{8B5BBE51-51B7-4FF4-A72B-075F7B9486F8}.Release|Any CPU.Build.0 = Release|Any CPU
		{8B5BBE51-51B7-4FF4-A72B-075F7B9486F8}.Release|x64.ActiveCfg = Release|Any CPU
		{8B5BBE51-51B7-4FF4-A72B-075F7B9486F8}.Release|x64.Build.0 = Release|Any CPU
		{8B5BBE51-51B7-4FF4-A72B-075F7B9486F8}.Release|x86.ActiveCfg = Release|Any CPU
		{8B5BBE51-51B7-4FF4-A72B-075F7B9486F8}.Release|x86.Build.0 = Release|Any CPU
	EndGlobalSection
	GlobalSection(SolutionProperties) = preSolution
		HideSolutionNode = FALSE
	EndGlobalSection
	GlobalSection(NestedProjects) = preSolution
		{1FE89C7D-D3CA-4818-8777-F716FA6D97AE} = {25A1BCE2-80AD-450D-960D-B306D8607E74}
		{B6B02DB5-F64B-4822-AC3B-E83E794232A4} = {CF798F3D-B187-4622-AECB-DFC760E662D0}
		{EB2E7A8F-7FE8-429F-AF2D-B114CD19E6A9} = {CF798F3D-B187-4622-AECB-DFC760E662D0}
		{4A2EF626-5360-440C-8C39-F24AAC6C10C4} = {85C12DE3-6855-435D-B7C5-5DFBC1814D86}
		{8B5BBE51-51B7-4FF4-A72B-075F7B9486F8} = {8870C358-022E-43D9-8367-4A8EA6B549F7}
	EndGlobalSection
	GlobalSection(ExtensibilityGlobals) = postSolution
		SolutionGuid = {F11EEC21-95AD-454F-8408-C6D74AF4E17E}
	EndGlobalSection
EndGlobal
